{
  "name": "ar.com.diccionario_nautico",
  "version": "1.0.0",
  "lockfileVersion": 3,
  "requires": true,
  "packages": {
    "": {
      "name": "ar.com.diccionario_nautico",
      "version": "1.0.0",
      "license": "Apache-2.0",
      "dependencies": {
        "admob-plus-cordova": "2.0.0-alpha.19"
      },
      "devDependencies": {
        "cordova-plugin-app-version": "^0.1.14",
        "cordova-plugin-dialogs": "^2.0.2",
        "cordova-plugin-file": "^8.1.3",
        "cordova-plugin-inappbrowser": "^6.0.0",
        "cordova-plugin-navigationbar": "^1.0.31",
        "cordova-plugin-statusbar": "^4.0.0",
        "cordova-plugin-x-socialsharing": "^6.0.4",
        "cordova-sqlite-storage": "^7.0.0",
        "es6-promise-plugin": "^4.2.2"
      }
    },
    "admob-plugin": {
      "name": "mi-admob-plugin",
      "version": "1.0.0",
      "extraneous": true,
      "license": "MIT"
    },
    "node_modules/admob-plus-cordova": {
      "version": "2.0.0-alpha.19",
      "resolved": "https://registry.npmjs.org/admob-plus-cordova/-/admob-plus-cordova-2.0.0-alpha.19.tgz",
      "integrity": "sha512-PIC/sVzN74xU6b9O4JmkKYwLxOPH5Fw0D0hCrZDw+6PIoFKXxkikvT1X6ck8kyR3kg0FYmagGnRX7vUbH0eL0w==",
      "license": "MIT",
      "funding": {
        "url": "https://admob-plus.github.io/funding"
      }
    },
    "node_modules/cordova-plugin-app-version": {
      "version": "0.1.14",
      "resolved": "https://registry.npmjs.org/cordova-plugin-app-version/-/cordova-plugin-app-version-0.1.14.tgz",
      "integrity": "sha512-HN6Yz6IIdRO+iMvCHN/qMe8/O4miOpHH/pDtWNjIYTjV3MzP+XdzFJoFnq2zxlNNXFz0Zn8REGQhFY77vV4AWQ==",
      "dev": true,
      "license": "MIT"
    },
    "node_modules/cordova-plugin-dialogs": {
      "version": "2.0.2",
      "resolved": "https://registry.npmjs.org/cordova-plugin-dialogs/-/cordova-plugin-dialogs-2.0.2.tgz",
      "integrity": "sha512-FUHI6eEVeoz2VkxbF0P56QlUQLGzXcvw3i4xuXyM9gEct6Y+FA3Xzgl2pJTZcTg5wRqLWzN08kgNoHPkom15pw==",
      "dev": true,
      "license": "Apache-2.0",
      "engines": {
        "cordovaDependencies": {
          "3.0.0": {
            "cordova": ">100"
          }
        }
      }
    },
    "node_modules/cordova-plugin-file": {
      "version": "8.1.3",
      "resolved": "https://registry.npmjs.org/cordova-plugin-file/-/cordova-plugin-file-8.1.3.tgz",
      "integrity": "sha512-KlnP3CapNIsKncoWV5lYcIFYDPl0aZ1J3AH3QESlQX1Cb6Ct0p6GrAUvINyrFsjPbWHj8i0b6la6udVsghbATg==",
      "dev": true,
      "license": "Apache-2.0",
      "engines": {
        "cordovaDependencies": {
          "5.0.0": {
            "cordova-android": ">=6.3.0"
          },
          "7.0.0": {
            "cordova-android": ">=10.0.0"
          },
          "8.0.0": {
            "cordova-android": ">=12.0.0"
          },
          "9.0.0": {
            "cordova": ">100"
          }
        }
      }
    },
    "node_modules/cordova-plugin-inappbrowser": {
      "version": "6.0.0",
      "resolved": "https://registry.npmjs.org/cordova-plugin-inappbrowser/-/cordova-plugin-inappbrowser-6.0.0.tgz",
      "integrity": "sha512-nMJ67YQZwkx1WMfA4tKFdVdTg6FNkh/nQflP1uMw0RVe/cP2kfDrO3SbpUr8yKahpWdSQl1Lmd8D3KKzuAjucA==",
      "dev": true,
      "license": "Apache-2.0",
      "engines": {
        "cordovaDependencies": {
          "0.2.3": {
            "cordova": ">=3.1.0"
          },
          "4.0.0": {
            "cordova": ">=3.1.0",
            "cordova-ios": ">=4.0.0"
          },
          "5.0.0": {
            "cordova": ">=9.0.0",
            "cordova-android": ">=9.0.0",
            "cordova-ios": ">=6.0.0"
          },
          "6.0.0": {
            "cordova": ">=9.0.0",
            "cordova-android": ">=10.0.0",
            "cordova-ios": ">=6.0.0"
          },
          "7.0.0": {
            "cordova": ">100"
          }
        }
      }
    },
    "node_modules/cordova-plugin-navigationbar": {
      "version": "1.0.31",
      "resolved": "https://registry.npmjs.org/cordova-plugin-navigationbar/-/cordova-plugin-navigationbar-1.0.31.tgz",
      "integrity": "sha512-xt9tx5Aprf052OvuG2JohjRkkU/6U6XQ8mXOx93HaHFz6cCZI1+B0pl/uoyU/FkJsP41QIw1upnMdzgav11ifw==",
      "dev": true,
      "engines": [
        {
          "name": "cordova",
          "version": ">=3.0.0"
        }
      ],
      "license": "MIT"
    },
    "node_modules/cordova-plugin-statusbar": {
      "version": "4.0.0",
      "resolved": "https://registry.npmjs.org/cordova-plugin-statusbar/-/cordova-plugin-statusbar-4.0.0.tgz",
      "integrity": "sha512-NTVdQhj9msydnarCH8ijOhASx+6fO16hg17AilAjfzWRvcBoF+4kKkPhTkZM7D2bOBePhfHEaMhEnxnA3M4Dlg==",
      "dev": true,
      "license": "Apache-2.0",
      "engines": {
        "cordovaDependencies": {
          "0.1.0": {
            "cordova": ">=3.0.0"
          },
          "4.0.0": {
            "cordova": ">=3.0.0",
            "cordova-android": ">=10.0.0",
            "cordova-ios": ">=6.0.0"
          },
          "5.0.0": {
            "cordova": ">100"
          }
        }
      }
    },
    "node_modules/cordova-plugin-x-socialsharing": {
      "version": "6.0.4",
      "resolved": "https://registry.npmjs.org/cordova-plugin-x-socialsharing/-/cordova-plugin-x-socialsharing-6.0.4.tgz",
      "integrity": "sha512-+ak6rN9i2xf/PARA/T3Hss09s0QhpFrOWvrYowy+PkCjGWx/ZVt9RkW+7yKemfyTXSgTp0YkyAAR4r6hPAfBGQ==",
      "dev": true,
      "engines": [
        {
          "name": "cordova",
          "version": ">=3.0.0"
        }
      ],
      "license": "MIT"
    },
    "node_modules/cordova-sqlite-storage": {
      "version": "7.0.0",
      "resolved": "https://registry.npmjs.org/cordova-sqlite-storage/-/cordova-sqlite-storage-7.0.0.tgz",
      "integrity": "sha512-BV1KCNtHnFD37ZQmhztStKsaNxniGlLcUSiQ9wieWH2PpZ0gH/tuWeINrrXGKIt9teTukYRnxFyerQ/Lc9x41A==",
      "dev": true,
      "license": "MIT",
      "dependencies": {
        "cordova-sqlite-storage-dependencies": "5.0.0"
      }
    },
    "node_modules/cordova-sqlite-storage-dependencies": {
      "version": "5.0.0",
      "resolved": "https://registry.npmjs.org/cordova-sqlite-storage-dependencies/-/cordova-sqlite-storage-dependencies-5.0.0.tgz",
      "integrity": "sha512-WjWm1QX+2JyLxjaNmYX2kNzmhrRk8q6n4GQ1PkUc79xR2bmJeO/m3koSuPemnWJdLdlsqDz8dCEHmgQSxhYjcg==",
      "dev": true,
      "license": "MIT"
    },
    "node_modules/es6-promise-plugin": {
      "version": "4.2.2",
      "resolved": "https://registry.npmjs.org/es6-promise-plugin/-/es6-promise-plugin-4.2.2.tgz",
      "integrity": "sha512-uoA4aVplXI9oqUYJFBAVRwAqIN9/n9JgrTAUGX3qPbnSZVE5yY1+6/MsoN5f4xsaPO62WjPHOdtts6okMN6tNA==",
      "dev": true,
      "license": "MIT"
    }
  }
}
